
Microsoft Visual Studio Solution File, Format Version 12.00
# Visual Studio Version 17
VisualStudioVersion = 17.2.32616.157
MinimumVisualStudioVersion = 10.0.40219.1
Project("{9A19103F-16F7-4668-BE54-9A1E7A4F7556}") = "LibraryAggregator.API", "LibraryAggregator.API\LibraryAggregator.API.csproj", "{E8B5FA46-0F2B-4425-831B-7E4626EFA7B7}"
EndProject
Project("{54A90642-561A-4BB1-A94E-469ADEE60C69}") = "LibraryAggregator.WebClient", "LibraryAggregator.WebClient\LibraryAggregator.WebClient.esproj", "{F50EA58B-7514-43B8-A281-2AA73907BED4}"
EndProject
Project("{9A19103F-16F7-4668-BE54-9A1E7A4F7556}") = "LibraryAggregator.DataLayer", "LibraryAggregator.DataLayer\LibraryAggregator.DataLayer.csproj", "{8C6EE2CC-FB52-4D33-B7C8-038FD01137B2}"
EndProject
Project("{9A19103F-16F7-4668-BE54-9A1E7A4F7556}") = "LibraryAggregator.Common", "LibraryAggregator.Common\LibraryAggregator.Common.csproj", "{572604E3-C5B9-4724-80F9-9307C1875C30}"
EndProject
Project("{FAE04EC0-301F-11D3-BF4B-00C04F79EFBC}") = "LibraryAggregtor.AdminAPI", "LibraryAggregtor.AdminAPI\LibraryAggregtor.AdminAPI.csproj", "{AFBA50DE-2256-4FA5-B03C-04B715F03CFF}"
EndProject
Global
	GlobalSection(SolutionConfigurationPlatforms) = preSolution
		Debug|Any CPU = Debug|Any CPU
		Release|Any CPU = Release|Any CPU
	EndGlobalSection
	GlobalSection(ProjectConfigurationPlatforms) = postSolution
		{E8B5FA46-0F2B-4425-831B-7E4626EFA7B7}.Debug|Any CPU.ActiveCfg = Debug|Any CPU
		{E8B5FA46-0F2B-4425-831B-7E4626EFA7B7}.Debug|Any CPU.Build.0 = Debug|Any CPU
		{E8B5FA46-0F2B-4425-831B-7E4626EFA7B7}.Release|Any CPU.ActiveCfg = Release|Any CPU
		{E8B5FA46-0F2B-4425-831B-7E4626EFA7B7}.Release|Any CPU.Build.0 = Release|Any CPU
		{F50EA58B-7514-43B8-A281-2AA73907BED4}.Debug|Any CPU.ActiveCfg = Debug|Any CPU
		{F50EA58B-7514-43B8-A281-2AA73907BED4}.Debug|Any CPU.Build.0 = Debug|Any CPU
		{F50EA58B-7514-43B8-A281-2AA73907BED4}.Debug|Any CPU.Deploy.0 = Debug|Any CPU
		{F50EA58B-7514-43B8-A281-2AA73907BED4}.Release|Any CPU.ActiveCfg = Release|Any CPU
		{F50EA58B-7514-43B8-A281-2AA73907BED4}.Release|Any CPU.Build.0 = Release|Any CPU
		{F50EA58B-7514-43B8-A281-2AA73907BED4}.Release|Any CPU.Deploy.0 = Release|Any CPU
		{8C6EE2CC-FB52-4D33-B7C8-038FD01137B2}.Debug|Any CPU.ActiveCfg = Debug|Any CPU
		{8C6EE2CC-FB52-4D33-B7C8-038FD01137B2}.Debug|Any CPU.Build.0 = Debug|Any CPU
		{8C6EE2CC-FB52-4D33-B7C8-038FD01137B2}.Release|Any CPU.ActiveCfg = Release|Any CPU
		{8C6EE2CC-FB52-4D33-B7C8-038FD01137B2}.Release|Any CPU.Build.0 = Release|Any CPU
		{572604E3-C5B9-4724-80F9-9307C1875C30}.Debug|Any CPU.ActiveCfg = Debug|Any CPU
		{572604E3-C5B9-4724-80F9-9307C1875C30}.Debug|Any CPU.Build.0 = Debug|Any CPU
		{572604E3-C5B9-4724-80F9-9307C1875C30}.Release|Any CPU.ActiveCfg = Release|Any CPU
		{572604E3-C5B9-4724-80F9-9307C1875C30}.Release|Any CPU.Build.0 = Release|Any CPU
		{AFBA50DE-2256-4FA5-B03C-04B715F03CFF}.Debug|Any CPU.ActiveCfg = Debug|Any CPU
		{AFBA50DE-2256-4FA5-B03C-04B715F03CFF}.Debug|Any CPU.Build.0 = Debug|Any CPU
		{AFBA50DE-2256-4FA5-B03C-04B715F03CFF}.Release|Any CPU.ActiveCfg = Release|Any CPU
		{AFBA50DE-2256-4FA5-B03C-04B715F03CFF}.Release|Any CPU.Build.0 = Release|Any CPU
	EndGlobalSection
	GlobalSection(SolutionProperties) = preSolution
		HideSolutionNode = FALSE
	EndGlobalSection
	GlobalSection(ExtensibilityGlobals) = postSolution
		SolutionGuid = {17DCA139-5A3E-4B8B-87E0-7489EDD7F6D0}
	EndGlobalSection
EndGlobal
